
Microsoft Visual Studio Solution File, Format Version 12.00
# Visual Studio 15
VisualStudioVersion = 15.0.26730.15
MinimumVisualStudioVersion = 10.0.40219.1
Project("{9A19103F-16F7-4668-BE54-9A1E7A4F7556}") = "1.1 RECTANGLE", "RECTANGLE\1.1 RECTANGLE.csproj", "{81F7C912-0F4C-4A9C-8F1B-9A08AB3A6E95}"
EndProject
Project("{9A19103F-16F7-4668-BE54-9A1E7A4F7556}") = "1.2 TRIANGLE", "TRIANGLE\1.2 TRIANGLE.csproj", "{CC365403-EF24-4161-BBD4-F1FF2C104E23}"
EndProject
Project("{9A19103F-16F7-4668-BE54-9A1E7A4F7556}") = "1.3 ANOTHER TRIANGLE", "ANOTHER TRIANGLE\1.3 ANOTHER TRIANGLE.csproj", "{30D11343-3AEC-4C73-A5FC-B3D5B8C045EB}"
EndProject
Project("{9A19103F-16F7-4668-BE54-9A1E7A4F7556}") = "1.4 X-MAS TREE", "1.4 X-MAS TREE\1.4 X-MAS TREE.csproj", "{88B6C714-6EA8-4B70-85B8-B6A7C896A033}"
EndProject
Project("{9A19103F-16F7-4668-BE54-9A1E7A4F7556}") = "1.5 SUM OF NUMBERS", "1.5 SUM OF NUMBERS\1.5 SUM OF NUMBERS.csproj", "{4E7991B6-4BED-4575-8B85-F2F21738BD83}"
EndProject
Project("{9A19103F-16F7-4668-BE54-9A1E7A4F7556}") = "1.6 FONT ADJUSTMENT", "1.6 FONT ADJUSTMENT\1.6 FONT ADJUSTMENT.csproj", "{B6BE9FE5-8933-4C67-9F4B-84222627C04C}"
EndProject
Project("{9A19103F-16F7-4668-BE54-9A1E7A4F7556}") = "1.7 ARRAY PROCESSING", "1.7 ARRAY PROCESSING\1.7 ARRAY PROCESSING.csproj", "{9F84246B-94A9-4361-A4DD-477F3840451C}"
EndProject
Project("{9A19103F-16F7-4668-BE54-9A1E7A4F7556}") = "1.9 NON-NEGATIVE SUM", "NON-NEGATIVE SUM\1.9 NON-NEGATIVE SUM.csproj", "{9D90B41B-F0BA-481E-8551-B381F0FC15D0}"
EndProject
Project("{9A19103F-16F7-4668-BE54-9A1E7A4F7556}") = "1.10 2D ARRAY", "1.10 2D ARRAY\1.10 2D ARRAY.csproj", "{EA093593-6A87-449C-8ABE-1E1A9336BC54}"
EndProject
Project("{9A19103F-16F7-4668-BE54-9A1E7A4F7556}") = "1.12 CHAR DOUBLER", "1.12 CHAR DOUBLER\1.12 CHAR DOUBLER.csproj", "{9175BB5E-BAA6-42CD-8013-DEE7D82DB105}"
EndProject
Project("{9A19103F-16F7-4668-BE54-9A1E7A4F7556}") = "1.8 NO POSITIVE", "1.8 NO POSITIVE\1.8 NO POSITIVE.csproj", "{CE027551-5159-4E1A-968F-B2BC506792EB}"
EndProject
Project("{FAE04EC0-301F-11D3-BF4B-00C04F79EFBC}") = "1.11 AVERAGE STRING LENGTH", "1.11 AVERAGE STRING LENGTH\1.11 AVERAGE STRING LENGTH.csproj", "{53AD9D83-99CD-442A-8FC4-64D47D545BAC}"
EndProject
Global
	GlobalSection(SolutionConfigurationPlatforms) = preSolution
		Debug|Any CPU = Debug|Any CPU
		Release|Any CPU = Release|Any CPU
	EndGlobalSection
	GlobalSection(ProjectConfigurationPlatforms) = postSolution
		{81F7C912-0F4C-4A9C-8F1B-9A08AB3A6E95}.Debug|Any CPU.ActiveCfg = Debug|Any CPU
		{81F7C912-0F4C-4A9C-8F1B-9A08AB3A6E95}.Debug|Any CPU.Build.0 = Debug|Any CPU
		{81F7C912-0F4C-4A9C-8F1B-9A08AB3A6E95}.Release|Any CPU.ActiveCfg = Release|Any CPU
		{81F7C912-0F4C-4A9C-8F1B-9A08AB3A6E95}.Release|Any CPU.Build.0 = Release|Any CPU
		{CC365403-EF24-4161-BBD4-F1FF2C104E23}.Debug|Any CPU.ActiveCfg = Debug|Any CPU
		{CC365403-EF24-4161-BBD4-F1FF2C104E23}.Debug|Any CPU.Build.0 = Debug|Any CPU
		{CC365403-EF24-4161-BBD4-F1FF2C104E23}.Release|Any CPU.ActiveCfg = Release|Any CPU
		{CC365403-EF24-4161-BBD4-F1FF2C104E23}.Release|Any CPU.Build.0 = Release|Any CPU
		{30D11343-3AEC-4C73-A5FC-B3D5B8C045EB}.Debug|Any CPU.ActiveCfg = Debug|Any CPU
		{30D11343-3AEC-4C73-A5FC-B3D5B8C045EB}.Debug|Any CPU.Build.0 = Debug|Any CPU
		{30D11343-3AEC-4C73-A5FC-B3D5B8C045EB}.Release|Any CPU.ActiveCfg = Release|Any CPU
		{30D11343-3AEC-4C73-A5FC-B3D5B8C045EB}.Release|Any CPU.Build.0 = Release|Any CPU
		{88B6C714-6EA8-4B70-85B8-B6A7C896A033}.Debug|Any CPU.ActiveCfg = Debug|Any CPU
		{88B6C714-6EA8-4B70-85B8-B6A7C896A033}.Debug|Any CPU.Build.0 = Debug|Any CPU
		{88B6C714-6EA8-4B70-85B8-B6A7C896A033}.Release|Any CPU.ActiveCfg = Release|Any CPU
		{88B6C714-6EA8-4B70-85B8-B6A7C896A033}.Release|Any CPU.Build.0 = Release|Any CPU
		{4E7991B6-4BED-4575-8B85-F2F21738BD83}.Debug|Any CPU.ActiveCfg = Debug|Any CPU
		{4E7991B6-4BED-4575-8B85-F2F21738BD83}.Debug|Any CPU.Build.0 = Debug|Any CPU
		{4E7991B6-4BED-4575-8B85-F2F21738BD83}.Release|Any CPU.ActiveCfg = Release|Any CPU
		{4E7991B6-4BED-4575-8B85-F2F21738BD83}.Release|Any CPU.Build.0 = Release|Any CPU
		{B6BE9FE5-8933-4C67-9F4B-84222627C04C}.Debug|Any CPU.ActiveCfg = Debug|Any CPU
		{B6BE9FE5-8933-4C67-9F4B-84222627C04C}.Debug|Any CPU.Build.0 = Debug|Any CPU
		{B6BE9FE5-8933-4C67-9F4B-84222627C04C}.Release|Any CPU.ActiveCfg = Release|Any CPU
		{B6BE9FE5-8933-4C67-9F4B-84222627C04C}.Release|Any CPU.Build.0 = Release|Any CPU
		{9F84246B-94A9-4361-A4DD-477F3840451C}.Debug|Any CPU.ActiveCfg = Debug|Any CPU
		{9F84246B-94A9-4361-A4DD-477F3840451C}.Debug|Any CPU.Build.0 = Debug|Any CPU
		{9F84246B-94A9-4361-A4DD-477F3840451C}.Release|Any CPU.ActiveCfg = Release|Any CPU
		{9F84246B-94A9-4361-A4DD-477F3840451C}.Release|Any CPU.Build.0 = Release|Any CPU
		{9D90B41B-F0BA-481E-8551-B381F0FC15D0}.Debug|Any CPU.ActiveCfg = Debug|Any CPU
		{9D90B41B-F0BA-481E-8551-B381F0FC15D0}.Debug|Any CPU.Build.0 = Debug|Any CPU
		{9D90B41B-F0BA-481E-8551-B381F0FC15D0}.Release|Any CPU.ActiveCfg = Release|Any CPU
		{9D90B41B-F0BA-481E-8551-B381F0FC15D0}.Release|Any CPU.Build.0 = Release|Any CPU
		{EA093593-6A87-449C-8ABE-1E1A9336BC54}.Debug|Any CPU.ActiveCfg = Debug|Any CPU
		{EA093593-6A87-449C-8ABE-1E1A9336BC54}.Debug|Any CPU.Build.0 = Debug|Any CPU
		{EA093593-6A87-449C-8ABE-1E1A9336BC54}.Release|Any CPU.ActiveCfg = Release|Any CPU
		{EA093593-6A87-449C-8ABE-1E1A9336BC54}.Release|Any CPU.Build.0 = Release|Any CPU
		{9175BB5E-BAA6-42CD-8013-DEE7D82DB105}.Debug|Any CPU.ActiveCfg = Debug|Any CPU
		{9175BB5E-BAA6-42CD-8013-DEE7D82DB105}.Debug|Any CPU.Build.0 = Debug|Any CPU
		{9175BB5E-BAA6-42CD-8013-DEE7D82DB105}.Release|Any CPU.ActiveCfg = Release|Any CPU
		{9175BB5E-BAA6-42CD-8013-DEE7D82DB105}.Release|Any CPU.Build.0 = Release|Any CPU
		{CE027551-5159-4E1A-968F-B2BC506792EB}.Debug|Any CPU.ActiveCfg = Debug|Any CPU
		{CE027551-5159-4E1A-968F-B2BC506792EB}.Debug|Any CPU.Build.0 = Debug|Any CPU
		{CE027551-5159-4E1A-968F-B2BC506792EB}.Release|Any CPU.ActiveCfg = Release|Any CPU
		{CE027551-5159-4E1A-968F-B2BC506792EB}.Release|Any CPU.Build.0 = Release|Any CPU
		{53AD9D83-99CD-442A-8FC4-64D47D545BAC}.Debug|Any CPU.ActiveCfg = Debug|Any CPU
		{53AD9D83-99CD-442A-8FC4-64D47D545BAC}.Debug|Any CPU.Build.0 = Debug|Any CPU
		{53AD9D83-99CD-442A-8FC4-64D47D545BAC}.Release|Any CPU.ActiveCfg = Release|Any CPU
		{53AD9D83-99CD-442A-8FC4-64D47D545BAC}.Release|Any CPU.Build.0 = Release|Any CPU
	EndGlobalSection
	GlobalSection(SolutionProperties) = preSolution
		HideSolutionNode = FALSE
	EndGlobalSection
	GlobalSection(ExtensibilityGlobals) = postSolution
		SolutionGuid = {BAF500EE-2CAD-4128-A4B1-8001837CF4F1}
	EndGlobalSection
EndGlobal
