
Microsoft Visual Studio Solution File, Format Version 12.00
# Visual Studio 15
VisualStudioVersion = 15.0.26730.15
MinimumVisualStudioVersion = 10.0.40219.1
Project("{FAE04EC0-301F-11D3-BF4B-00C04F79EFBC}") = "1_Lost", "1_Lost\1_Lost.csproj", "{B488D8A0-C427-4D94-8BCE-63C89BE63032}"
EndProject
Project("{FAE04EC0-301F-11D3-BF4B-00C04F79EFBC}") = "2_Word_Frequency", "2_Word_Frequency\2_Word_Frequency.csproj", "{474243F2-717F-4DB9-B24F-D85CA6C01CB6}"
EndProject
Project("{FAE04EC0-301F-11D3-BF4B-00C04F79EFBC}") = "3_Dynamic_Array", "3_Dynamic_Array\3_Dynamic_Array.csproj", "{44890B74-F652-49F5-B336-9F1B864C1F82}"
EndProject
Global
	GlobalSection(SolutionConfigurationPlatforms) = preSolution
		Debug|Any CPU = Debug|Any CPU
		Release|Any CPU = Release|Any CPU
	EndGlobalSection
	GlobalSection(ProjectConfigurationPlatforms) = postSolution
		{B488D8A0-C427-4D94-8BCE-63C89BE63032}.Debug|Any CPU.ActiveCfg = Debug|Any CPU
		{B488D8A0-C427-4D94-8BCE-63C89BE63032}.Debug|Any CPU.Build.0 = Debug|Any CPU
		{B488D8A0-C427-4D94-8BCE-63C89BE63032}.Release|Any CPU.ActiveCfg = Release|Any CPU
		{B488D8A0-C427-4D94-8BCE-63C89BE63032}.Release|Any CPU.Build.0 = Release|Any CPU
		{474243F2-717F-4DB9-B24F-D85CA6C01CB6}.Debug|Any CPU.ActiveCfg = Debug|Any CPU
		{474243F2-717F-4DB9-B24F-D85CA6C01CB6}.Debug|Any CPU.Build.0 = Debug|Any CPU
		{474243F2-717F-4DB9-B24F-D85CA6C01CB6}.Release|Any CPU.ActiveCfg = Release|Any CPU
		{474243F2-717F-4DB9-B24F-D85CA6C01CB6}.Release|Any CPU.Build.0 = Release|Any CPU
		{44890B74-F652-49F5-B336-9F1B864C1F82}.Debug|Any CPU.ActiveCfg = Debug|Any CPU
		{44890B74-F652-49F5-B336-9F1B864C1F82}.Debug|Any CPU.Build.0 = Debug|Any CPU
		{44890B74-F652-49F5-B336-9F1B864C1F82}.Release|Any CPU.ActiveCfg = Release|Any CPU
		{44890B74-F652-49F5-B336-9F1B864C1F82}.Release|Any CPU.Build.0 = Release|Any CPU
	EndGlobalSection
	GlobalSection(SolutionProperties) = preSolution
		HideSolutionNode = FALSE
	EndGlobalSection
	GlobalSection(ExtensibilityGlobals) = postSolution
		SolutionGuid = {C6D04AD6-67B7-4048-8A91-B0D4C2282A37}
	EndGlobalSection
EndGlobal
