
Microsoft Visual Studio Solution File, Format Version 12.00
# Visual Studio 15
VisualStudioVersion = 15.0.26730.15
MinimumVisualStudioVersion = 10.0.40219.1
Project("{FAE04EC0-301F-11D3-BF4B-00C04F79EFBC}") = "SEQUENCE", "SEQUENCE\SEQUENCE.csproj", "{AE3D4B71-7BAF-4DA4-B844-3A2321D3A377}"
EndProject
Project("{FAE04EC0-301F-11D3-BF4B-00C04F79EFBC}") = "SIMPLE", "SIMPLE\SIMPLE.csproj", "{EEFEAB87-D634-42B2-96EE-E19A6956E20E}"
EndProject
Project("{FAE04EC0-301F-11D3-BF4B-00C04F79EFBC}") = "SQUARE", "SQUARE\SQUARE.csproj", "{CF4DA320-DCB9-414B-8D41-AE310C0B24C6}"
EndProject
Global
	GlobalSection(SolutionConfigurationPlatforms) = preSolution
		Debug|Any CPU = Debug|Any CPU
		Release|Any CPU = Release|Any CPU
	EndGlobalSection
	GlobalSection(ProjectConfigurationPlatforms) = postSolution
		{AE3D4B71-7BAF-4DA4-B844-3A2321D3A377}.Debug|Any CPU.ActiveCfg = Debug|Any CPU
		{AE3D4B71-7BAF-4DA4-B844-3A2321D3A377}.Debug|Any CPU.Build.0 = Debug|Any CPU
		{AE3D4B71-7BAF-4DA4-B844-3A2321D3A377}.Release|Any CPU.ActiveCfg = Release|Any CPU
		{AE3D4B71-7BAF-4DA4-B844-3A2321D3A377}.Release|Any CPU.Build.0 = Release|Any CPU
		{EEFEAB87-D634-42B2-96EE-E19A6956E20E}.Debug|Any CPU.ActiveCfg = Debug|Any CPU
		{EEFEAB87-D634-42B2-96EE-E19A6956E20E}.Debug|Any CPU.Build.0 = Debug|Any CPU
		{EEFEAB87-D634-42B2-96EE-E19A6956E20E}.Release|Any CPU.ActiveCfg = Release|Any CPU
		{EEFEAB87-D634-42B2-96EE-E19A6956E20E}.Release|Any CPU.Build.0 = Release|Any CPU
		{CF4DA320-DCB9-414B-8D41-AE310C0B24C6}.Debug|Any CPU.ActiveCfg = Debug|Any CPU
		{CF4DA320-DCB9-414B-8D41-AE310C0B24C6}.Debug|Any CPU.Build.0 = Debug|Any CPU
		{CF4DA320-DCB9-414B-8D41-AE310C0B24C6}.Release|Any CPU.ActiveCfg = Release|Any CPU
		{CF4DA320-DCB9-414B-8D41-AE310C0B24C6}.Release|Any CPU.Build.0 = Release|Any CPU
	EndGlobalSection
	GlobalSection(SolutionProperties) = preSolution
		HideSolutionNode = FALSE
	EndGlobalSection
	GlobalSection(ExtensibilityGlobals) = postSolution
		SolutionGuid = {D1D55723-62E3-44D6-BC7D-802EC194E818}
	EndGlobalSection
EndGlobal
