
Microsoft Visual Studio Solution File, Format Version 12.00
# Visual Studio Version 16
VisualStudioVersion = 16.0.29123.88
MinimumVisualStudioVersion = 10.0.40219.1
Project("{FAE04EC0-301F-11D3-BF4B-00C04F79EFBC}") = "Task5", "Task5\Task5.csproj", "{26965A20-8103-49B1-B4DD-8D5A15726800}"
EndProject
Global
	GlobalSection(SolutionConfigurationPlatforms) = preSolution
		Debug|Any CPU = Debug|Any CPU
		Release|Any CPU = Release|Any CPU
	EndGlobalSection
	GlobalSection(ProjectConfigurationPlatforms) = postSolution
		{26965A20-8103-49B1-B4DD-8D5A15726800}.Debug|Any CPU.ActiveCfg = Debug|Any CPU
		{26965A20-8103-49B1-B4DD-8D5A15726800}.Debug|Any CPU.Build.0 = Debug|Any CPU
		{26965A20-8103-49B1-B4DD-8D5A15726800}.Release|Any CPU.ActiveCfg = Release|Any CPU
		{26965A20-8103-49B1-B4DD-8D5A15726800}.Release|Any CPU.Build.0 = Release|Any CPU
	EndGlobalSection
	GlobalSection(SolutionProperties) = preSolution
		HideSolutionNode = FALSE
	EndGlobalSection
	GlobalSection(ExtensibilityGlobals) = postSolution
		SolutionGuid = {FDB8FC36-C03B-47E1-8456-DB503A1D0DF8}
	EndGlobalSection
EndGlobal
